
Microsoft Visual Studio Solution File, Format Version 12.00
# Visual Studio 15
VisualStudioVersion = 15.0.28010.2041
MinimumVisualStudioVersion = 10.0.40219.1
Project("{FAE04EC0-301F-11D3-BF4B-00C04F79EFBC}") = "dotnetCore_DI", "dotnetCore_DI\dotnetCore_DI.csproj", "{69F51B3B-A8C0-4B57-A060-EE539D021AE2}"
EndProject
Global
	GlobalSection(SolutionConfigurationPlatforms) = preSolution
		Debug|Any CPU = Debug|Any CPU
		Release|Any CPU = Release|Any CPU
	EndGlobalSection
	GlobalSection(ProjectConfigurationPlatforms) = postSolution
		{69F51B3B-A8C0-4B57-A060-EE539D021AE2}.Debug|Any CPU.ActiveCfg = Debug|Any CPU
		{69F51B3B-A8C0-4B57-A060-EE539D021AE2}.Debug|Any CPU.Build.0 = Debug|Any CPU
		{69F51B3B-A8C0-4B57-A060-EE539D021AE2}.Release|Any CPU.ActiveCfg = Release|Any CPU
		{69F51B3B-A8C0-4B57-A060-EE539D021AE2}.Release|Any CPU.Build.0 = Release|Any CPU
	EndGlobalSection
	GlobalSection(SolutionProperties) = preSolution
		HideSolutionNode = FALSE
	EndGlobalSection
	GlobalSection(ExtensibilityGlobals) = postSolution
		SolutionGuid = {069F4845-851B-4D0F-9195-A847A9ACB3E8}
	EndGlobalSection
EndGlobal
