
Microsoft Visual Studio Solution File, Format Version 12.00
# Visual Studio 15
VisualStudioVersion = 15.0.28010.2046
MinimumVisualStudioVersion = 10.0.40219.1
Project("{9A19103F-16F7-4668-BE54-9A1E7A4F7556}") = "IDal", "IDal\IDal.csproj", "{3738A43A-5DB9-4F77-9D12-7EE9E9C8F7AD}"
	ProjectSection(ProjectDependencies) = postProject
		{E120DD5A-E5CB-4F55-A2D2-3E01B1490637} = {E120DD5A-E5CB-4F55-A2D2-3E01B1490637}
	EndProjectSection
EndProject
Project("{9A19103F-16F7-4668-BE54-9A1E7A4F7556}") = "SqlServerDal", "SqlServerDal\SqlServerDal.csproj", "{BFF92273-27D4-4A3C-B6F4-F77C50C2A7FF}"
	ProjectSection(ProjectDependencies) = postProject
		{3738A43A-5DB9-4F77-9D12-7EE9E9C8F7AD} = {3738A43A-5DB9-4F77-9D12-7EE9E9C8F7AD}
		{E088724A-20C9-4E95-8558-F07DE184DA5F} = {E088724A-20C9-4E95-8558-F07DE184DA5F}
		{E120DD5A-E5CB-4F55-A2D2-3E01B1490637} = {E120DD5A-E5CB-4F55-A2D2-3E01B1490637}
		{511F99DB-E1BB-4F49-AA5E-13B86269000B} = {511F99DB-E1BB-4F49-AA5E-13B86269000B}
	EndProjectSection
EndProject
Project("{9A19103F-16F7-4668-BE54-9A1E7A4F7556}") = "HelperService", "HelperService\HelperService.csproj", "{D9975001-4375-42DC-8622-665703A5F5B1}"
	ProjectSection(ProjectDependencies) = postProject
		{3738A43A-5DB9-4F77-9D12-7EE9E9C8F7AD} = {3738A43A-5DB9-4F77-9D12-7EE9E9C8F7AD}
		{E120DD5A-E5CB-4F55-A2D2-3E01B1490637} = {E120DD5A-E5CB-4F55-A2D2-3E01B1490637}
		{511F99DB-E1BB-4F49-AA5E-13B86269000B} = {511F99DB-E1BB-4F49-AA5E-13B86269000B}
	EndProjectSection
EndProject
Project("{9A19103F-16F7-4668-BE54-9A1E7A4F7556}") = "Model", "Model\Model.csproj", "{E120DD5A-E5CB-4F55-A2D2-3E01B1490637}"
EndProject
Project("{9A19103F-16F7-4668-BE54-9A1E7A4F7556}") = "Extensions", "Extensions\Extensions.csproj", "{511F99DB-E1BB-4F49-AA5E-13B86269000B}"
EndProject
Project("{9A19103F-16F7-4668-BE54-9A1E7A4F7556}") = "Web", "Web\Web.csproj", "{FE24D589-2776-4AC1-A81E-96E953DAB9F2}"
	ProjectSection(ProjectDependencies) = postProject
		{3738A43A-5DB9-4F77-9D12-7EE9E9C8F7AD} = {3738A43A-5DB9-4F77-9D12-7EE9E9C8F7AD}
		{E088724A-20C9-4E95-8558-F07DE184DA5F} = {E088724A-20C9-4E95-8558-F07DE184DA5F}
		{E120DD5A-E5CB-4F55-A2D2-3E01B1490637} = {E120DD5A-E5CB-4F55-A2D2-3E01B1490637}
		{511F99DB-E1BB-4F49-AA5E-13B86269000B} = {511F99DB-E1BB-4F49-AA5E-13B86269000B}
	EndProjectSection
EndProject
Project("{9A19103F-16F7-4668-BE54-9A1E7A4F7556}") = "DataContext", "DataContext\DataContext.csproj", "{E088724A-20C9-4E95-8558-F07DE184DA5F}"
	ProjectSection(ProjectDependencies) = postProject
		{E120DD5A-E5CB-4F55-A2D2-3E01B1490637} = {E120DD5A-E5CB-4F55-A2D2-3E01B1490637}
	EndProjectSection
EndProject
Global
	GlobalSection(SolutionConfigurationPlatforms) = preSolution
		Debug|Any CPU = Debug|Any CPU
		Release|Any CPU = Release|Any CPU
	EndGlobalSection
	GlobalSection(ProjectConfigurationPlatforms) = postSolution
		{3738A43A-5DB9-4F77-9D12-7EE9E9C8F7AD}.Debug|Any CPU.ActiveCfg = Debug|Any CPU
		{3738A43A-5DB9-4F77-9D12-7EE9E9C8F7AD}.Debug|Any CPU.Build.0 = Debug|Any CPU
		{3738A43A-5DB9-4F77-9D12-7EE9E9C8F7AD}.Release|Any CPU.ActiveCfg = Release|Any CPU
		{3738A43A-5DB9-4F77-9D12-7EE9E9C8F7AD}.Release|Any CPU.Build.0 = Release|Any CPU
		{BFF92273-27D4-4A3C-B6F4-F77C50C2A7FF}.Debug|Any CPU.ActiveCfg = Debug|Any CPU
		{BFF92273-27D4-4A3C-B6F4-F77C50C2A7FF}.Debug|Any CPU.Build.0 = Debug|Any CPU
		{BFF92273-27D4-4A3C-B6F4-F77C50C2A7FF}.Release|Any CPU.ActiveCfg = Release|Any CPU
		{BFF92273-27D4-4A3C-B6F4-F77C50C2A7FF}.Release|Any CPU.Build.0 = Release|Any CPU
		{D9975001-4375-42DC-8622-665703A5F5B1}.Debug|Any CPU.ActiveCfg = Debug|Any CPU
		{D9975001-4375-42DC-8622-665703A5F5B1}.Debug|Any CPU.Build.0 = Debug|Any CPU
		{D9975001-4375-42DC-8622-665703A5F5B1}.Release|Any CPU.ActiveCfg = Release|Any CPU
		{D9975001-4375-42DC-8622-665703A5F5B1}.Release|Any CPU.Build.0 = Release|Any CPU
		{E120DD5A-E5CB-4F55-A2D2-3E01B1490637}.Debug|Any CPU.ActiveCfg = Debug|Any CPU
		{E120DD5A-E5CB-4F55-A2D2-3E01B1490637}.Debug|Any CPU.Build.0 = Debug|Any CPU
		{E120DD5A-E5CB-4F55-A2D2-3E01B1490637}.Release|Any CPU.ActiveCfg = Release|Any CPU
		{E120DD5A-E5CB-4F55-A2D2-3E01B1490637}.Release|Any CPU.Build.0 = Release|Any CPU
		{511F99DB-E1BB-4F49-AA5E-13B86269000B}.Debug|Any CPU.ActiveCfg = Debug|Any CPU
		{511F99DB-E1BB-4F49-AA5E-13B86269000B}.Debug|Any CPU.Build.0 = Debug|Any CPU
		{511F99DB-E1BB-4F49-AA5E-13B86269000B}.Release|Any CPU.ActiveCfg = Release|Any CPU
		{511F99DB-E1BB-4F49-AA5E-13B86269000B}.Release|Any CPU.Build.0 = Release|Any CPU
		{FE24D589-2776-4AC1-A81E-96E953DAB9F2}.Debug|Any CPU.ActiveCfg = Debug|Any CPU
		{FE24D589-2776-4AC1-A81E-96E953DAB9F2}.Debug|Any CPU.Build.0 = Debug|Any CPU
		{FE24D589-2776-4AC1-A81E-96E953DAB9F2}.Release|Any CPU.ActiveCfg = Release|Any CPU
		{FE24D589-2776-4AC1-A81E-96E953DAB9F2}.Release|Any CPU.Build.0 = Release|Any CPU
		{E088724A-20C9-4E95-8558-F07DE184DA5F}.Debug|Any CPU.ActiveCfg = Debug|Any CPU
		{E088724A-20C9-4E95-8558-F07DE184DA5F}.Debug|Any CPU.Build.0 = Debug|Any CPU
		{E088724A-20C9-4E95-8558-F07DE184DA5F}.Release|Any CPU.ActiveCfg = Release|Any CPU
		{E088724A-20C9-4E95-8558-F07DE184DA5F}.Release|Any CPU.Build.0 = Release|Any CPU
	EndGlobalSection
	GlobalSection(SolutionProperties) = preSolution
		HideSolutionNode = FALSE
	EndGlobalSection
	GlobalSection(ExtensibilityGlobals) = postSolution
		SolutionGuid = {065F6AA5-BDF4-4B56-BC42-F0FA2EAA6B19}
	EndGlobalSection
EndGlobal
