
Microsoft Visual Studio Solution File, Format Version 12.00
# Visual Studio 15
VisualStudioVersion = 15.0.28307.168
MinimumVisualStudioVersion = 10.0.40219.1
Project("{FAE04EC0-301F-11D3-BF4B-00C04F79EFBC}") = "ThreadTest", "ThreadTest\ThreadTest.csproj", "{EACF0966-79CF-4A19-B7A4-A384C1DFC845}"
EndProject
Global
	GlobalSection(SolutionConfigurationPlatforms) = preSolution
		Debug|Any CPU = Debug|Any CPU
		Release|Any CPU = Release|Any CPU
	EndGlobalSection
	GlobalSection(ProjectConfigurationPlatforms) = postSolution
		{EACF0966-79CF-4A19-B7A4-A384C1DFC845}.Debug|Any CPU.ActiveCfg = Debug|Any CPU
		{EACF0966-79CF-4A19-B7A4-A384C1DFC845}.Debug|Any CPU.Build.0 = Debug|Any CPU
		{EACF0966-79CF-4A19-B7A4-A384C1DFC845}.Release|Any CPU.ActiveCfg = Release|Any CPU
		{EACF0966-79CF-4A19-B7A4-A384C1DFC845}.Release|Any CPU.Build.0 = Release|Any CPU
	EndGlobalSection
	GlobalSection(SolutionProperties) = preSolution
		HideSolutionNode = FALSE
	EndGlobalSection
	GlobalSection(ExtensibilityGlobals) = postSolution
		SolutionGuid = {AC8323E4-CA34-4865-AED4-EF6B69D0A88C}
	EndGlobalSection
EndGlobal
