<?xml version="1.0" encoding="utf-8"?>
<Project ToolsVersion="4.0" xmlns="http://schemas.microsoft.com/developer/msbuild/2003">
  <ItemGroup>
    <Filter Include="源文件">
      <UniqueIdentifier>{4FC737F1-C7A5-4376-A066-2A32D752A2FF}</UniqueIdentifier>
      <Extensions>cpp;c;cc;cxx;def;odl;idl;hpj;bat;asm;asmx</Extensions>
    </Filter>
    <Filter Include="头文件">
      <UniqueIdentifier>{93995380-89BD-4b04-88EB-625FBE52EBFB}</UniqueIdentifier>
      <Extensions>h;hh;hpp;hxx;hm;inl;inc;ipp;xsd</Extensions>
    </Filter>
    <Filter Include="资源文件">
      <UniqueIdentifier>{67DA6AB6-F800-4c08-8B7A-83BB121AAD01}</UniqueIdentifier>
      <Extensions>rc;ico;cur;bmp;dlg;rc2;rct;bin;rgs;gif;jpg;jpeg;jpe;resx;tiff;tif;png;wav;mfcribbon-ms</Extensions>
    </Filter>
    <Filter Include="源文件\贪心算法">
      <UniqueIdentifier>{341fcadb-79fd-4197-8e6e-9f81775b8737}</UniqueIdentifier>
    </Filter>
    <Filter Include="源文件\分治法">
      <UniqueIdentifier>{95420dc6-11cb-471e-9597-c5d94b7f82ab}</UniqueIdentifier>
    </Filter>
    <Filter Include="源文件\回溯法">
      <UniqueIdentifier>{76518950-f1ce-4972-8d02-375131473d2f}</UniqueIdentifier>
    </Filter>
    <Filter Include="源文件\分支限界法">
      <UniqueIdentifier>{48662b65-e789-4ae5-a8e9-773bc29d0565}</UniqueIdentifier>
    </Filter>
    <Filter Include="源文件\动态规划法">
      <UniqueIdentifier>{0646f455-c157-4b33-ab6c-1223f500a180}</UniqueIdentifier>
    </Filter>
    <Filter Include="源文件\线性规划法">
      <UniqueIdentifier>{cac6a8f6-6583-4475-a5c3-5cf1e094b076}</UniqueIdentifier>
    </Filter>
  </ItemGroup>
  <ItemGroup>
    <ClInclude Include="pch.h">
      <Filter>头文件</Filter>
    </ClInclude>
    <ClInclude Include="CalculateDemo.h">
      <Filter>头文件</Filter>
    </ClInclude>
  </ItemGroup>
  <ItemGroup>
    <ClCompile Include="pch.cpp">
      <Filter>源文件</Filter>
    </ClCompile>
    <ClCompile Include="CalculateDemo.cpp">
      <Filter>源文件</Filter>
    </ClCompile>
    <ClCompile Include="BigNumberMulti.cpp">
      <Filter>源文件\分治法</Filter>
    </ClCompile>
    <ClCompile Include="MostCommonQueue.cpp">
      <Filter>源文件\动态规划法</Filter>
    </ClCompile>
    <ClCompile Include="EightQueenCal.cpp">
      <Filter>源文件\回溯法</Filter>
    </ClCompile>
    <ClCompile Include="SupermarketCal.cpp">
      <Filter>源文件\分支限界法</Filter>
    </ClCompile>
    <ClCompile Include="Alibaba.cpp">
      <Filter>源文件\贪心算法</Filter>
    </ClCompile>
    <ClCompile Include="HuffmanTree.cpp">
      <Filter>源文件\贪心算法</Filter>
    </ClCompile>
    <ClCompile Include="MinimumTree.cpp">
      <Filter>源文件\贪心算法</Filter>
    </ClCompile>
    <ClCompile Include="FactoryBestBenifit.cpp">
      <Filter>源文件\线性规划法</Filter>
    </ClCompile>
  </ItemGroup>
</Project>