
Microsoft Visual Studio Solution File, Format Version 12.00
# Visual Studio 15
VisualStudioVersion = 15.0.28010.2041
MinimumVisualStudioVersion = 10.0.40219.1
Project("{9A19103F-16F7-4668-BE54-9A1E7A4F7556}") = "WebAPIDemo", "WebAPIDemo\WebAPIDemo.csproj", "{6494B3B5-5E7D-463D-8C8B-E59BB1EC43C8}"
EndProject
Project("{FAE04EC0-301F-11D3-BF4B-00C04F79EFBC}") = "ConsoleApp1", "ConsoleApp1\ConsoleApp1.csproj", "{FAC77409-E095-4E31-8F5D-6CA08CAA0489}"
EndProject
Global
	GlobalSection(SolutionConfigurationPlatforms) = preSolution
		Debug|Any CPU = Debug|Any CPU
		Release|Any CPU = Release|Any CPU
	EndGlobalSection
	GlobalSection(ProjectConfigurationPlatforms) = postSolution
		{6494B3B5-5E7D-463D-8C8B-E59BB1EC43C8}.Debug|Any CPU.ActiveCfg = Debug|Any CPU
		{6494B3B5-5E7D-463D-8C8B-E59BB1EC43C8}.Debug|Any CPU.Build.0 = Debug|Any CPU
		{6494B3B5-5E7D-463D-8C8B-E59BB1EC43C8}.Release|Any CPU.ActiveCfg = Release|Any CPU
		{6494B3B5-5E7D-463D-8C8B-E59BB1EC43C8}.Release|Any CPU.Build.0 = Release|Any CPU
		{FAC77409-E095-4E31-8F5D-6CA08CAA0489}.Debug|Any CPU.ActiveCfg = Debug|Any CPU
		{FAC77409-E095-4E31-8F5D-6CA08CAA0489}.Debug|Any CPU.Build.0 = Debug|Any CPU
		{FAC77409-E095-4E31-8F5D-6CA08CAA0489}.Release|Any CPU.ActiveCfg = Release|Any CPU
		{FAC77409-E095-4E31-8F5D-6CA08CAA0489}.Release|Any CPU.Build.0 = Release|Any CPU
	EndGlobalSection
	GlobalSection(SolutionProperties) = preSolution
		HideSolutionNode = FALSE
	EndGlobalSection
	GlobalSection(ExtensibilityGlobals) = postSolution
		SolutionGuid = {BC203825-153B-4F1F-8DAE-0B8FDD209D98}
	EndGlobalSection
EndGlobal
