
Microsoft Visual Studio Solution File, Format Version 12.00
# Visual Studio 15
VisualStudioVersion = 15.0.28307.168
MinimumVisualStudioVersion = 10.0.40219.1
Project("{FAE04EC0-301F-11D3-BF4B-00C04F79EFBC}") = "WebAPI", "WebAPI\WebAPI.csproj", "{E980A453-21A8-4775-83EE-AF1CA891EAAA}"
EndProject
Global
	GlobalSection(SolutionConfigurationPlatforms) = preSolution
		Debug|Any CPU = Debug|Any CPU
		Release|Any CPU = Release|Any CPU
	EndGlobalSection
	GlobalSection(ProjectConfigurationPlatforms) = postSolution
		{E980A453-21A8-4775-83EE-AF1CA891EAAA}.Debug|Any CPU.ActiveCfg = Debug|Any CPU
		{E980A453-21A8-4775-83EE-AF1CA891EAAA}.Debug|Any CPU.Build.0 = Debug|Any CPU
		{E980A453-21A8-4775-83EE-AF1CA891EAAA}.Release|Any CPU.ActiveCfg = Release|Any CPU
		{E980A453-21A8-4775-83EE-AF1CA891EAAA}.Release|Any CPU.Build.0 = Release|Any CPU
	EndGlobalSection
	GlobalSection(SolutionProperties) = preSolution
		HideSolutionNode = FALSE
	EndGlobalSection
	GlobalSection(ExtensibilityGlobals) = postSolution
		SolutionGuid = {8E807491-364B-4DC8-B680-F6E9B20DB40E}
	EndGlobalSection
EndGlobal
