
Microsoft Visual Studio Solution File, Format Version 12.00
# Visual Studio 15
VisualStudioVersion = 15.0.28010.2041
MinimumVisualStudioVersion = 10.0.40219.1
Project("{FAE04EC0-301F-11D3-BF4B-00C04F79EFBC}") = "MemberCaching", "MemberCaching\MemberCaching.csproj", "{DC0D65CE-790D-44A5-A633-A03C11CDFD73}"
EndProject
Project("{FAE04EC0-301F-11D3-BF4B-00C04F79EFBC}") = "RedisCaching", "RedisCaching\RedisCaching.csproj", "{D8781C8D-7E7F-4999-B5D2-328ED4561777}"
EndProject
Global
	GlobalSection(SolutionConfigurationPlatforms) = preSolution
		Debug|Any CPU = Debug|Any CPU
		Release|Any CPU = Release|Any CPU
	EndGlobalSection
	GlobalSection(ProjectConfigurationPlatforms) = postSolution
		{DC0D65CE-790D-44A5-A633-A03C11CDFD73}.Debug|Any CPU.ActiveCfg = Debug|Any CPU
		{DC0D65CE-790D-44A5-A633-A03C11CDFD73}.Debug|Any CPU.Build.0 = Debug|Any CPU
		{DC0D65CE-790D-44A5-A633-A03C11CDFD73}.Release|Any CPU.ActiveCfg = Release|Any CPU
		{DC0D65CE-790D-44A5-A633-A03C11CDFD73}.Release|Any CPU.Build.0 = Release|Any CPU
		{D8781C8D-7E7F-4999-B5D2-328ED4561777}.Debug|Any CPU.ActiveCfg = Debug|Any CPU
		{D8781C8D-7E7F-4999-B5D2-328ED4561777}.Debug|Any CPU.Build.0 = Debug|Any CPU
		{D8781C8D-7E7F-4999-B5D2-328ED4561777}.Release|Any CPU.ActiveCfg = Release|Any CPU
		{D8781C8D-7E7F-4999-B5D2-328ED4561777}.Release|Any CPU.Build.0 = Release|Any CPU
	EndGlobalSection
	GlobalSection(SolutionProperties) = preSolution
		HideSolutionNode = FALSE
	EndGlobalSection
	GlobalSection(ExtensibilityGlobals) = postSolution
		SolutionGuid = {170ECB0E-69D5-4CD3-85FD-EA1E9E449E5B}
	EndGlobalSection
EndGlobal
